
Microsoft Visual Studio Solution File, Format Version 12.00
# Visual Studio Version 16
VisualStudioVersion = 16.0.30907.101
MinimumVisualStudioVersion = 10.0.40219.1
Project("{00D1A9C2-B5F0-4AF3-8072-F6C62B433612}") = "CSE 385", "CSE 385\CSE 385.sqlproj", "{CC3E6FDD-84B0-480C-87BE-953B9E6F0388}"
EndProject
Global
	GlobalSection(SolutionConfigurationPlatforms) = preSolution
		Debug|Any CPU = Debug|Any CPU
		Release|Any CPU = Release|Any CPU
	EndGlobalSection
	GlobalSection(ProjectConfigurationPlatforms) = postSolution
		{CC3E6FDD-84B0-480C-87BE-953B9E6F0388}.Debug|Any CPU.ActiveCfg = Debug|Any CPU
		{CC3E6FDD-84B0-480C-87BE-953B9E6F0388}.Debug|Any CPU.Build.0 = Debug|Any CPU
		{CC3E6FDD-84B0-480C-87BE-953B9E6F0388}.Debug|Any CPU.Deploy.0 = Debug|Any CPU
		{CC3E6FDD-84B0-480C-87BE-953B9E6F0388}.Release|Any CPU.ActiveCfg = Release|Any CPU
		{CC3E6FDD-84B0-480C-87BE-953B9E6F0388}.Release|Any CPU.Build.0 = Release|Any CPU
		{CC3E6FDD-84B0-480C-87BE-953B9E6F0388}.Release|Any CPU.Deploy.0 = Release|Any CPU
	EndGlobalSection
	GlobalSection(SolutionProperties) = preSolution
		HideSolutionNode = FALSE
	EndGlobalSection
	GlobalSection(ExtensibilityGlobals) = postSolution
		SolutionGuid = {2A704AA0-9B6C-4C8E-B927-FB4F7F6D56B4}
	EndGlobalSection
EndGlobal
